
Microsoft Visual Studio Solution File, Format Version 12.00
# Visual Studio Version 16
VisualStudioVersion = 16.0.33423.256
MinimumVisualStudioVersion = 10.0.40219.1
Project("{FAE04EC0-301F-11D3-BF4B-00C04F79EFBC}") = "project_plc", "project_plc\project_plc.csproj", "{FB00A1FC-2B5F-4A66-BB8F-478317C36A17}"
EndProject
Global
	GlobalSection(SolutionConfigurationPlatforms) = preSolution
		Debug|Any CPU = Debug|Any CPU
		Release|Any CPU = Release|Any CPU
	EndGlobalSection
	GlobalSection(ProjectConfigurationPlatforms) = postSolution
		{FB00A1FC-2B5F-4A66-BB8F-478317C36A17}.Debug|Any CPU.ActiveCfg = Debug|Any CPU
		{FB00A1FC-2B5F-4A66-BB8F-478317C36A17}.Debug|Any CPU.Build.0 = Debug|Any CPU
		{FB00A1FC-2B5F-4A66-BB8F-478317C36A17}.Release|Any CPU.ActiveCfg = Release|Any CPU
		{FB00A1FC-2B5F-4A66-BB8F-478317C36A17}.Release|Any CPU.Build.0 = Release|Any CPU
	EndGlobalSection
	GlobalSection(SolutionProperties) = preSolution
		HideSolutionNode = FALSE
	EndGlobalSection
	GlobalSection(ExtensibilityGlobals) = postSolution
		SolutionGuid = {E81160C3-9256-4201-A8D6-8B7B48C67D9B}
	EndGlobalSection
EndGlobal
